// !$*UTF8*$!
{
	archiveVersion = 1;
	classes = {
	};
	objectVersion = 50;
	objects = {

/* Begin PBXBuildFile section */
		124B75A4211AB9F400C3669A /* AppDelegate.m in Sources */ = {isa = PBXBuildFile; fileRef = 124B75A3211AB9F400C3669A /* AppDelegate.m */; };
		124B75A7211AB9F400C3669A /* ViewController.m in Sources */ = {isa = PBXBuildFile; fileRef = 124B75A6211AB9F400C3669A /* ViewController.m */; };
		124B75AA211AB9F400C3669A /* Main.storyboard in Resources */ = {isa = PBXBuildFile; fileRef = 124B75A8211AB9F400C3669A /* Main.storyboard */; };
		124B75AC211AB9F800C3669A /* Assets.xcassets in Resources */ = {isa = PBXBuildFile; fileRef = 124B75AB211AB9F800C3669A /* Assets.xcassets */; };
		124B75AF211AB9F800C3669A /* LaunchScreen.storyboard in Resources */ = {isa = PBXBuildFile; fileRef = 124B75AD211AB9F800C3669A /* LaunchScreen.storyboard */; };
		124B75B2211AB9F800C3669A /* main.m in Sources */ = {isa = PBXBuildFile; fileRef = 124B75B1211AB9F800C3669A /* main.m */; };
		124B75B9211ABA1C00C3669A /* README.md in Resources */ = {isa = PBXBuildFile; fileRef = 124B75B8211ABA1C00C3669A /* README.md */; };
		124B75BC211ABAA500C3669A /* NSString+Random.m in Sources */ = {isa = PBXBuildFile; fileRef = 124B75BB211ABAA500C3669A /* NSString+Random.m */; };
		124B75BF211ABBA900C3669A /* SASection.m in Sources */ = {isa = PBXBuildFile; fileRef = 124B75BE211ABBA900C3669A /* SASection.m */; };
		124B75C6211AC30100C3669A /* SAStudent.m in Sources */ = {isa = PBXBuildFile; fileRef = 124B75C2211AC30000C3669A /* SAStudent.m */; };
/* End PBXBuildFile section */

/* Begin PBXFileReference section */
		124B759F211AB9F400C3669A /* SearchBar.app */ = {isa = PBXFileReference; explicitFileType = wrapper.application; includeInIndex = 0; path = SearchBar.app; sourceTree = BUILT_PRODUCTS_DIR; };
		124B75A2211AB9F400C3669A /* AppDelegate.h */ = {isa = PBXFileReference; lastKnownFileType = sourcecode.c.h; path = AppDelegate.h; sourceTree = "<group>"; };
		124B75A3211AB9F400C3669A /* AppDelegate.m */ = {isa = PBXFileReference; lastKnownFileType = sourcecode.c.objc; path = AppDelegate.m; sourceTree = "<group>"; };
		124B75A5211AB9F400C3669A /* ViewController.h */ = {isa = PBXFileReference; lastKnownFileType = sourcecode.c.h; path = ViewController.h; sourceTree = "<group>"; };
		124B75A6211AB9F400C3669A /* ViewController.m */ = {isa = PBXFileReference; lastKnownFileType = sourcecode.c.objc; path = ViewController.m; sourceTree = "<group>"; };
		124B75A9211AB9F400C3669A /* Base */ = {isa = PBXFileReference; lastKnownFileType = file.storyboard; name = Base; path = Base.lproj/Main.storyboard; sourceTree = "<group>"; };
		124B75AB211AB9F800C3669A /* Assets.xcassets */ = {isa = PBXFileReference; lastKnownFileType = folder.assetcatalog; path = Assets.xcassets; sourceTree = "<group>"; };
		124B75AE211AB9F800C3669A /* Base */ = {isa = PBXFileReference; lastKnownFileType = file.storyboard; name = Base; path = Base.lproj/LaunchScreen.storyboard; sourceTree = "<group>"; };
		124B75B0211AB9F800C3669A /* Info.plist */ = {isa = PBXFileReference; lastKnownFileType = text.plist.xml; path = Info.plist; sourceTree = "<group>"; };
		124B75B1211AB9F800C3669A /* main.m */ = {isa = PBXFileReference; lastKnownFileType = sourcecode.c.objc; path = main.m; sourceTree = "<group>"; };
		124B75B8211ABA1C00C3669A /* README.md */ = {isa = PBXFileReference; lastKnownFileType = net.daringfireball.markdown; path = README.md; sourceTree = "<group>"; };
		124B75BA211ABAA400C3669A /* NSString+Random.h */ = {isa = PBXFileReference; fileEncoding = 4; lastKnownFileType = sourcecode.c.h; path = "NSString+Random.h"; sourceTree = "<group>"; };
		124B75BB211ABAA500C3669A /* NSString+Random.m */ = {isa = PBXFileReference; fileEncoding = 4; lastKnownFileType = sourcecode.c.objc; path = "NSString+Random.m"; sourceTree = "<group>"; };
		124B75BD211ABBA900C3669A /* SASection.h */ = {isa = PBXFileReference; fileEncoding = 4; lastKnownFileType = sourcecode.c.h; path = SASection.h; sourceTree = "<group>"; };
		124B75BE211ABBA900C3669A /* SASection.m */ = {isa = PBXFileReference; fileEncoding = 4; lastKnownFileType = sourcecode.c.objc; path = SASection.m; sourceTree = "<group>"; };
		124B75C2211AC30000C3669A /* SAStudent.m */ = {isa = PBXFileReference; fileEncoding = 4; lastKnownFileType = sourcecode.c.objc; path = SAStudent.m; sourceTree = "<group>"; };
		124B75C4211AC30100C3669A /* SAStudent.h */ = {isa = PBXFileReference; fileEncoding = 4; lastKnownFileType = sourcecode.c.h; path = SAStudent.h; sourceTree = "<group>"; };
/* End PBXFileReference section */

/* Begin PBXFrameworksBuildPhase section */
		124B759C211AB9F400C3669A /* Frameworks */ = {
			isa = PBXFrameworksBuildPhase;
			buildActionMask = 2147483647;
			files = (
			);
			runOnlyForDeploymentPostprocessing = 0;
		};
/* End PBXFrameworksBuildPhase section */

/* Begin PBXGroup section */
		1213CF1D211C00DF0001C048 /* Category */ = {
			isa = PBXGroup;
			children = (
				124B75BA211ABAA400C3669A /* NSString+Random.h */,
				124B75BB211ABAA500C3669A /* NSString+Random.m */,
			);
			path = Category;
			sourceTree = "<group>";
		};
		124B7596211AB9F400C3669A = {
			isa = PBXGroup;
			children = (
				124B75B8211ABA1C00C3669A /* README.md */,
				124B75A1211AB9F400C3669A /* SearchBar */,
				124B75A0211AB9F400C3669A /* Products */,
			);
			sourceTree = "<group>";
		};
		124B75A0211AB9F400C3669A /* Products */ = {
			isa = PBXGroup;
			children = (
				124B759F211AB9F400C3669A /* SearchBar.app */,
			);
			name = Products;
			sourceTree = "<group>";
		};
		124B75A1211AB9F400C3669A /* SearchBar */ = {
			isa = PBXGroup;
			children = (
				1213CF1D211C00DF0001C048 /* Category */,
				124B75C0211AC2EA00C3669A /* Model */,
				124B75A2211AB9F400C3669A /* AppDelegate.h */,
				124B75A3211AB9F400C3669A /* AppDelegate.m */,
				124B75A5211AB9F400C3669A /* ViewController.h */,
				124B75A6211AB9F400C3669A /* ViewController.m */,
				124B75A8211AB9F400C3669A /* Main.storyboard */,
				124B75AB211AB9F800C3669A /* Assets.xcassets */,
				124B75AD211AB9F800C3669A /* LaunchScreen.storyboard */,
				124B75B0211AB9F800C3669A /* Info.plist */,
				124B75B1211AB9F800C3669A /* main.m */,
			);
			path = SearchBar;
			sourceTree = "<group>";
		};
		124B75C0211AC2EA00C3669A /* Model */ = {
			isa = PBXGroup;
			children = (
				124B75BD211ABBA900C3669A /* SASection.h */,
				124B75BE211ABBA900C3669A /* SASection.m */,
				124B75C4211AC30100C3669A /* SAStudent.h */,
				124B75C2211AC30000C3669A /* SAStudent.m */,
			);
			path = Model;
			sourceTree = "<group>";
		};
/* End PBXGroup section */

/* Begin PBXNativeTarget section */
		124B759E211AB9F400C3669A /* SearchBar */ = {
			isa = PBXNativeTarget;
			buildConfigurationList = 124B75B5211AB9F800C3669A /* Build configuration list for PBXNativeTarget "SearchBar" */;
			buildPhases = (
				124B759B211AB9F400C3669A /* Sources */,
				124B759C211AB9F400C3669A /* Frameworks */,
				124B759D211AB9F400C3669A /* Resources */,
			);
			buildRules = (
			);
			dependencies = (
			);
			name = SearchBar;
			productName = SearchBar;
			productReference = 124B759F211AB9F400C3669A /* SearchBar.app */;
			productType = "com.apple.product-type.application";
		};
/* End PBXNativeTarget section */

/* Begin PBXProject section */
		124B7597211AB9F400C3669A /* Project object */ = {
			isa = PBXProject;
			attributes = {
				CLASSPREFIX = SA;
				LastUpgradeCheck = 0940;
				ORGANIZATIONNAME = SA;
				TargetAttributes = {
					124B759E211AB9F400C3669A = {
						CreatedOnToolsVersion = 9.4.1;
					};
				};
			};
			buildConfigurationList = 124B759A211AB9F400C3669A /* Build configuration list for PBXProject "SearchBar" */;
			compatibilityVersion = "Xcode 9.3";
			developmentRegion = en;
			hasScannedForEncodings = 0;
			knownRegions = (
				en,
				Base,
			);
			mainGroup = 124B7596211AB9F400C3669A;
			productRefGroup = 124B75A0211AB9F400C3669A /* Products */;
			projectDirPath = "";
			projectRoot = "";
			targets = (
				124B759E211AB9F400C3669A /* SearchBar */,
			);
		};
/* End PBXProject section */

/* Begin PBXResourcesBuildPhase section */
		124B759D211AB9F400C3669A /* Resources */ = {
			isa = PBXResourcesBuildPhase;
			buildActionMask = 2147483647;
			files = (
				124B75AF211AB9F800C3669A /* LaunchScreen.storyboard in Resources */,
				124B75AC211AB9F800C3669A /* Assets.xcassets in Resources */,
				124B75B9211ABA1C00C3669A /* README.md in Resources */,
				124B75AA211AB9F400C3669A /* Main.storyboard in Resources */,
			);
			runOnlyForDeploymentPostprocessing = 0;
		};
/* End PBXResourcesBuildPhase section */

/* Begin PBXSourcesBuildPhase section */
		124B759B211AB9F400C3669A /* Sources */ = {
			isa = PBXSourcesBuildPhase;
			buildActionMask = 2147483647;
			files = (
				124B75BC211ABAA500C3669A /* NSString+Random.m in Sources */,
				124B75BF211ABBA900C3669A /* SASection.m in Sources */,
				124B75A7211AB9F400C3669A /* ViewController.m in Sources */,
				124B75C6211AC30100C3669A /* SAStudent.m in Sources */,
				124B75B2211AB9F800C3669A /* main.m in Sources */,
				124B75A4211AB9F400C3669A /* AppDelegate.m in Sources */,
			);
			runOnlyForDeploymentPostprocessing = 0;
		};
/* End PBXSourcesBuildPhase section */

/* Begin PBXVariantGroup section */
		124B75A8211AB9F400C3669A /* Main.storyboard */ = {
			isa = PBXVariantGroup;
			children = (
				124B75A9211AB9F400C3669A /* Base */,
			);
			name = Main.storyboard;
			sourceTree = "<group>";
		};
		124B75AD211AB9F800C3669A /* LaunchScreen.storyboard */ = {
			isa = PBXVariantGroup;
			children = (
				124B75AE211AB9F800C3669A /* Base */,
			);
			name = LaunchScreen.storyboard;
			sourceTree = "<group>";
		};
/* End PBXVariantGroup section */

/* Begin XCBuildConfiguration section */
		124B75B3211AB9F800C3669A /* Debug */ = {
			isa = XCBuildConfiguration;
			buildSettings = {
				ALWAYS_SEARCH_USER_PATHS = NO;
				CLANG_ANALYZER_NONNULL = YES;
				CLANG_ANALYZER_NUMBER_OBJECT_CONVERSION = YES_AGGRESSIVE;
				CLANG_CXX_LANGUAGE_STANDARD = "gnu++14";
				CLANG_CXX_LIBRARY = "libc++";
				CLANG_ENABLE_MODULES = YES;
				CLANG_ENABLE_OBJC_ARC = YES;
				CLANG_ENABLE_OBJC_WEAK = YES;
				CLANG_WARN_BLOCK_CAPTURE_AUTORELEASING = YES;
				CLANG_WARN_BOOL_CONVERSION = YES;
				CLANG_WARN_COMMA = YES;
				CLANG_WARN_CONSTANT_CONVERSION = YES;
				CLANG_WARN_DEPRECATED_OBJC_IMPLEMENTATIONS = YES;
				CLANG_WARN_DIRECT_OBJC_ISA_USAGE = YES_ERROR;
				CLANG_WARN_DOCUMENTATION_COMMENTS = YES;
				CLANG_WARN_EMPTY_BODY = YES;
				CLANG_WARN_ENUM_CONVERSION = YES;
				CLANG_WARN_INFINITE_RECURSION = YES;
				CLANG_WARN_INT_CONVERSION = YES;
				CLANG_WARN_NON_LITERAL_NULL_CONVERSION = YES;
				CLANG_WARN_OBJC_IMPLICIT_RETAIN_SELF = YES;
				CLANG_WARN_OBJC_LITERAL_CONVERSION = YES;
				CLANG_WARN_OBJC_ROOT_CLASS = YES_ERROR;
				CLANG_WARN_RANGE_LOOP_ANALYSIS = YES;
				CLANG_WARN_STRICT_PROTOTYPES = YES;
				CLANG_WARN_SUSPICIOUS_MOVE = YES;
				CLANG_WARN_UNGUARDED_AVAILABILITY = YES_AGGRESSIVE;
				CLANG_WARN_UNREACHABLE_CODE = YES;
				CLANG_WARN__DUPLICATE_METHOD_MATCH = YES;
				CODE_SIGN_IDENTITY = "iPhone Developer";
				COPY_PHASE_STRIP = NO;
				DEBUG_INFORMATION_FORMAT = dwarf;
				ENABLE_STRICT_OBJC_MSGSEND = YES;
				ENABLE_TESTABILITY = YES;
				GCC_C_LANGUAGE_STANDARD = gnu11;
				GCC_DYNAMIC_NO_PIC = NO;
				GCC_NO_COMMON_BLOCKS = YES;
				GCC_OPTIMIZATION_LEVEL = 0;
				GCC_PREPROCESSOR_DEFINITIONS = (
					"DEBUG=1",
					"$(inherited)",
				);
				GCC_WARN_64_TO_32_BIT_CONVERSION = YES;
				GCC_WARN_ABOUT_RETURN_TYPE = YES_ERROR;
				GCC_WARN_UNDECLARED_SELECTOR = YES;
				GCC_WARN_UNINITIALIZED_AUTOS = YES_AGGRESSIVE;
				GCC_WARN_UNUSED_FUNCTION = YES;
				GCC_WARN_UNUSED_VARIABLE = YES;
				IPHONEOS_DEPLOYMENT_TARGET = 11.4;
				MTL_ENABLE_DEBUG_INFO = YES;
				ONLY_ACTIVE_ARCH = YES;
				SDKROOT = iphoneos;
			};
			name = Debug;
		};
		124B75B4211AB9F800C3669A /* Release */ = {
			isa = XCBuildConfiguration;
			buildSettings = {
				ALWAYS_SEARCH_USER_PATHS = NO;
				CLANG_ANALYZER_NONNULL = YES;
				CLANG_ANALYZER_NUMBER_OBJECT_CONVERSION = YES_AGGRESSIVE;
				CLANG_CXX_LANGUAGE_STANDARD = "gnu++14";
				CLANG_CXX_LIBRARY = "libc++";
				CLANG_ENABLE_MODULES = YES;
				CLANG_ENABLE_OBJC_ARC = YES;
				CLANG_ENABLE_OBJC_WEAK = YES;
				CLANG_WARN_BLOCK_CAPTURE_AUTORELEASING = YES;
				CLANG_WARN_BOOL_CONVERSION = YES;
				CLANG_WARN_COMMA = YES;
				CLANG_WARN_CONSTANT_CONVERSION = YES;
				CLANG_WARN_DEPRECATED_OBJC_IMPLEMENTATIONS = YES;
				CLANG_WARN_DIRECT_OBJC_ISA_USAGE = YES_ERROR;
				CLANG_WARN_DOCUMENTATION_COMMENTS = YES;
				CLANG_WARN_EMPTY_BODY = YES;
				CLANG_WARN_ENUM_CONVERSION = YES;
				CLANG_WARN_INFINITE_RECURSION = YES;
				CLANG_WARN_INT_CONVERSION = YES;
				CLANG_WARN_NON_LITERAL_NULL_CONVERSION = YES;
				CLANG_WARN_OBJC_IMPLICIT_RETAIN_SELF = YES;
				CLANG_WARN_OBJC_LITERAL_CONVERSION = YES;
				CLANG_WARN_OBJC_ROOT_CLASS = YES_ERROR;
				CLANG_WARN_RANGE_LOOP_ANALYSIS = YES;
				CLANG_WARN_STRICT_PROTOTYPES = YES;
				CLANG_WARN_SUSPICIOUS_MOVE = YES;
				CLANG_WARN_UNGUARDED_AVAILABILITY = YES_AGGRESSIVE;
				CLANG_WARN_UNREACHABLE_CODE = YES;
				CLANG_WARN__DUPLICATE_METHOD_MATCH = YES;
				CODE_SIGN_IDENTITY = "iPhone Developer";
				COPY_PHASE_STRIP = NO;
				DEBUG_INFORMATION_FORMAT = "dwarf-with-dsym";
				ENABLE_NS_ASSERTIONS = NO;
				ENABLE_STRICT_OBJC_MSGSEND = YES;
				GCC_C_LANGUAGE_STANDARD = gnu11;
				GCC_NO_COMMON_BLOCKS = YES;
				GCC_WARN_64_TO_32_BIT_CONVERSION = YES;
				GCC_WARN_ABOUT_RETURN_TYPE = YES_ERROR;
				GCC_WARN_UNDECLARED_SELECTOR = YES;
				GCC_WARN_UNINITIALIZED_AUTOS = YES_AGGRESSIVE;
				GCC_WARN_UNUSED_FUNCTION = YES;
				GCC_WARN_UNUSED_VARIABLE = YES;
				IPHONEOS_DEPLOYMENT_TARGET = 11.4;
				MTL_ENABLE_DEBUG_INFO = NO;
				SDKROOT = iphoneos;
				VALIDATE_PRODUCT = YES;
			};
			name = Release;
		};
		124B75B6211AB9F800C3669A /* Debug */ = {
			isa = XCBuildConfiguration;
			buildSettings = {
				ASSETCATALOG_COMPILER_APPICON_NAME = AppIcon;
				CODE_SIGN_STYLE = Automatic;
				INFOPLIST_FILE = SearchBar/Info.plist;
				LD_RUNPATH_SEARCH_PATHS = (
					"$(inherited)",
					"@executable_path/Frameworks",
				);
				PRODUCT_BUNDLE_IDENTIFIER = com.sa.SearchBar;
				PRODUCT_NAME = "$(TARGET_NAME)";
				TARGETED_DEVICE_FAMILY = "1,2";
			};
			name = Debug;
		};
		124B75B7211AB9F800C3669A /* Release */ = {
			isa = XCBuildConfiguration;
			buildSettings = {
				ASSETCATALOG_COMPILER_APPICON_NAME = AppIcon;
				CODE_SIGN_STYLE = Automatic;
				INFOPLIST_FILE = SearchBar/Info.plist;
				LD_RUNPATH_SEARCH_PATHS = (
					"$(inherited)",
					"@executable_path/Frameworks",
				);
				PRODUCT_BUNDLE_IDENTIFIER = com.sa.SearchBar;
				PRODUCT_NAME = "$(TARGET_NAME)";
				TARGETED_DEVICE_FAMILY = "1,2";
			};
			name = Release;
		};
/* End XCBuildConfiguration section */

/* Begin XCConfigurationList section */
		124B759A211AB9F400C3669A /* Build configuration list for PBXProject "SearchBar" */ = {
			isa = XCConfigurationList;
			buildConfigurations = (
				124B75B3211AB9F800C3669A /* Debug */,
				124B75B4211AB9F800C3669A /* Release */,
			);
			defaultConfigurationIsVisible = 0;
			defaultConfigurationName = Release;
		};
		124B75B5211AB9F800C3669A /* Build configuration list for PBXNativeTarget "SearchBar" */ = {
			isa = XCConfigurationList;
			buildConfigurations = (
				124B75B6211AB9F800C3669A /* Debug */,
				124B75B7211AB9F800C3669A /* Release */,
			);
			defaultConfigurationIsVisible = 0;
			defaultConfigurationName = Release;
		};
/* End XCConfigurationList section */
	};
	rootObject = 124B7597211AB9F400C3669A /* Project object */;
}
